github.com/minio/highwayhash v1.0.0 h1:iMSDhgUILCr0TNm8LWlSjF8N0ZIj2qbO8WHp6Q/J2BA=
github.com/minio/highwayhash v1.0.0/go.mod h1:xQboMTeM9nY9v/LlAOxFctujiv5+Aq2hR5dxBpaMbdc=
golang.org/x/sys v0.0.0-20190130150945-aca44879d564 h1:o6ENHFwwr1TZ9CUPQcfo1HGvLP1OPsPOTB7xCIOPNmU=
golang.org/x/sys v0.0.0-20190130150945-aca44879d564/go.mod h1:STP8DvDyc/dI5b8T5hshtkjS+E42TnysNCUPdjciGhY=
golang.org/x/sys v0.0.0-20200523222454-059865788121 h1:rITEj+UZHYC927n8GT97eC3zrpzXdb/voyeOuVKS46o=
golang.org/x/sys v0.0.0-20200523222454-059865788121/go.mod h1:h1NjWce9XRLGQEsW7wpKNCjG9DtNlClVuFLEZdDNbEs=
